
Microsoft Visual Studio Solution File, Format Version 12.00
# Visual Studio Version 16
VisualStudioVersion = 16.0.30114.105
MinimumVisualStudioVersion = 10.0.40219.1
Project("{2150E333-8FDC-42A3-9474-1A3956D46DE8}") = "src", "src", "{63776A8C-925F-4D78-8BD2-44476905B2D1}"
EndProject
Project("{FAE04EC0-301F-11D3-BF4B-00C04F79EFBC}") = "GradeBook", "src\GradeBook\GradeBook.csproj", "{F42AA8C1-9B2B-402E-9446-FA2655BC99A6}"
EndProject
Project("{2150E333-8FDC-42A3-9474-1A3956D46DE8}") = "test", "test", "{21227181-9392-469F-810C-5AFF4FD6E3F1}"
EndProject
Project("{FAE04EC0-301F-11D3-BF4B-00C04F79EFBC}") = "GradeBook.Tests", "test\GradeBook.Tests\GradeBook.Tests.csproj", "{2634007C-75C6-4CBA-A20C-692F492608DA}"
EndProject
Global
	GlobalSection(SolutionConfigurationPlatforms) = preSolution
		Debug|Any CPU = Debug|Any CPU
		Release|Any CPU = Release|Any CPU
	EndGlobalSection
	GlobalSection(SolutionProperties) = preSolution
		HideSolutionNode = FALSE
	EndGlobalSection
	GlobalSection(ProjectConfigurationPlatforms) = postSolution
		{F42AA8C1-9B2B-402E-9446-FA2655BC99A6}.Debug|Any CPU.ActiveCfg = Debug|Any CPU
		{F42AA8C1-9B2B-402E-9446-FA2655BC99A6}.Debug|Any CPU.Build.0 = Debug|Any CPU
		{F42AA8C1-9B2B-402E-9446-FA2655BC99A6}.Release|Any CPU.ActiveCfg = Release|Any CPU
		{F42AA8C1-9B2B-402E-9446-FA2655BC99A6}.Release|Any CPU.Build.0 = Release|Any CPU
		{2634007C-75C6-4CBA-A20C-692F492608DA}.Debug|Any CPU.ActiveCfg = Debug|Any CPU
		{2634007C-75C6-4CBA-A20C-692F492608DA}.Debug|Any CPU.Build.0 = Debug|Any CPU
		{2634007C-75C6-4CBA-A20C-692F492608DA}.Release|Any CPU.ActiveCfg = Release|Any CPU
		{2634007C-75C6-4CBA-A20C-692F492608DA}.Release|Any CPU.Build.0 = Release|Any CPU
	EndGlobalSection
	GlobalSection(NestedProjects) = preSolution
		{F42AA8C1-9B2B-402E-9446-FA2655BC99A6} = {63776A8C-925F-4D78-8BD2-44476905B2D1}
		{2634007C-75C6-4CBA-A20C-692F492608DA} = {21227181-9392-469F-810C-5AFF4FD6E3F1}
	EndGlobalSection
EndGlobal
